{
  "name": "floorcade-games-tetris",
  "version": "0.0.1",
  "lockfileVersion": 1,
  "requires": true,
  "dependencies": {
    "@most/multicast": {
      "version": "1.3.0",
      "resolved": "https://registry.npmjs.org/@most/multicast/-/multicast-1.3.0.tgz",
      "integrity": "sha512-DWH8AShgp5bXn+auGzf5tzPxvpmEvQJd0CNsApOci1LDF4eAEcnw4HQOr2Jaa+L92NbDYFKBSXxll+i7r1ikvw==",
      "requires": {
        "@most/prelude": "1.7.1"
      }
    },
    "@most/prelude": {
      "version": "1.7.1",
      "resolved": "https://registry.npmjs.org/@most/prelude/-/prelude-1.7.1.tgz",
      "integrity": "sha512-2JsW7OArYnndGcXPSjIx9uwmSTCHByb+7WRmOhrOYM9N5GK5KMsX4APKxET73+zc1ZUqEj2yAPwYis72xJXIEQ=="
    },
    "argparse": {
      "version": "1.0.10",
      "resolved": "https://registry.npmjs.org/argparse/-/argparse-1.0.10.tgz",
      "integrity": "sha512-o5Roy6tNG4SL/FOkCAN6RzjiakZS25RLYFrcMttJqbdd8BWrnA+fGz57iN5Pb06pvBGvl5gQ0B48dJlslXvoTg==",
      "requires": {
        "sprintf-js": "1.0.3"
      }
    },
    "js-pixel-fonts": {
      "version": "1.3.0",
      "resolved": "https://registry.npmjs.org/js-pixel-fonts/-/js-pixel-fonts-1.3.0.tgz",
      "integrity": "sha512-kfy9r7KesMCGlzqHENr4/EINVNhE4Z2RAB7ob7T6N6j2lna487FHhBdubd3+G+yxXPBzQIqe/4YRmjWd5r0NkQ==",
      "requires": {
        "loglevel": "1.6.1",
        "pngjs": "3.3.3"
      }
    },
    "loglevel": {
      "version": "1.6.1",
      "resolved": "https://registry.npmjs.org/loglevel/-/loglevel-1.6.1.tgz",
      "integrity": "sha1-4PyVEztu8nbNyIh82vJKpvFW+Po="
    },
    "most": {
      "version": "0.19.7",
      "resolved": "https://registry.npmjs.org/most/-/most-0.19.7.tgz",
      "integrity": "sha1-T4C2howuawzi/TDrWpjMLgIf9Jc=",
      "requires": {
        "@most/multicast": "1.3.0",
        "@most/prelude": "1.7.1",
        "symbol-observable": "0.2.4"
      }
    },
    "pngjs": {
      "version": "3.3.3",
      "resolved": "https://registry.npmjs.org/pngjs/-/pngjs-3.3.3.tgz",
      "integrity": "sha512-1n3Z4p3IOxArEs1VRXnZ/RXdfEniAUS9jb68g58FIXMNkPJeZd+Qh4Uq7/e0LVxAQGos1eIUrqrt4FpjdnEd+Q=="
    },
    "sprintf-js": {
      "version": "1.0.3",
      "resolved": "https://registry.npmjs.org/sprintf-js/-/sprintf-js-1.0.3.tgz",
      "integrity": "sha1-BOaSb2YolTVPPdAVIDYzuFcpfiw="
    },
    "symbol-observable": {
      "version": "0.2.4",
      "resolved": "https://registry.npmjs.org/symbol-observable/-/symbol-observable-0.2.4.tgz",
      "integrity": "sha1-lag9smGG1q9+ehjb2XYKL4bQj0A="
    }
  }
}
